
Microsoft Visual Studio Solution File, Format Version 12.00
# Visual Studio Version 17
VisualStudioVersion = 17.10.35122.118
MinimumVisualStudioVersion = 10.0.40219.1
Project("{FAE04EC0-301F-11D3-BF4B-00C04F79EFBC}") = "SalesWebMvc", "SalesWebMvc\SalesWebMvc.csproj", "{B8D21B97-8252-4B42-B347-9A7FF7CD9344}"
EndProject
Global
	GlobalSection(SolutionConfigurationPlatforms) = preSolution
		Debug|Any CPU = Debug|Any CPU
		Release|Any CPU = Release|Any CPU
	EndGlobalSection
	GlobalSection(ProjectConfigurationPlatforms) = postSolution
		{B8D21B97-8252-4B42-B347-9A7FF7CD9344}.Debug|Any CPU.ActiveCfg = Debug|Any CPU
		{B8D21B97-8252-4B42-B347-9A7FF7CD9344}.Debug|Any CPU.Build.0 = Debug|Any CPU
		{B8D21B97-8252-4B42-B347-9A7FF7CD9344}.Release|Any CPU.ActiveCfg = Release|Any CPU
		{B8D21B97-8252-4B42-B347-9A7FF7CD9344}.Release|Any CPU.Build.0 = Release|Any CPU
	EndGlobalSection
	GlobalSection(SolutionProperties) = preSolution
		HideSolutionNode = FALSE
	EndGlobalSection
	GlobalSection(ExtensibilityGlobals) = postSolution
		SolutionGuid = {E5221195-B599-4835-A88A-A47E29A7AA82}
	EndGlobalSection
EndGlobal
